{
  "name": "@defra-fish/fulfilment-job",
  "version": "1.64.0-rc.9",
  "lockfileVersion": 3,
  "requires": true,
  "packages": {
    "": {
      "name": "@defra-fish/fulfilment-job",
      "version": "1.64.0-rc.9",
      "license": "SEE LICENSE IN LICENSE",
      "dependencies": {
        "@defra-fish/connectors-lib": "1.64.0-rc.9",
        "@defra-fish/dynamics-lib": "1.64.0-rc.9",
        "commander": "7.2.0",
        "debug": "4.3.3",
        "merge2": "1.4.1",
        "moment": "2.29.1",
        "openpgp": "5.0.0-1",
        "pluralize": "8.0.0"
      },
      "engines": {
        "node": ">=20"
      }
    },
    "node_modules/asn1.js": {
      "version": "5.4.1",
      "resolved": "https://registry.npmjs.org/asn1.js/-/asn1.js-5.4.1.tgz",
      "integrity": "sha512-+I//4cYPccV8LdmBLiX8CYvf9Sp3vQsrqu2QNXRcrbiWvcx/UdlFiqUJJzxRQxgsZmvhXhn4cSKeSmoFjVdupA==",
      "license": "MIT",
      "dependencies": {
        "bn.js": "^4.0.0",
        "inherits": "^2.0.1",
        "minimalistic-assert": "^1.0.0",
        "safer-buffer": "^2.1.0"
      }
    },
    "node_modules/bn.js": {
      "version": "4.12.2",
      "resolved": "https://registry.npmjs.org/bn.js/-/bn.js-4.12.2.tgz",
      "integrity": "sha512-n4DSx829VRTRByMRGdjQ9iqsN0Bh4OolPsFnaZBLcbi8iXcB+kJ9s7EnRt4wILZNV3kPLHkRVfOc/HvhC3ovDw==",
      "license": "MIT"
    },
    "node_modules/commander": {
      "version": "7.2.0",
      "resolved": "https://registry.npmjs.org/commander/-/commander-7.2.0.tgz",
      "integrity": "sha512-QrWXB+ZQSVPmIWIhtEO9H+gwHaMGYiF5ChvoJ+K9ZGHG/sVsa6yiesAD1GC/x46sET00Xlwo1u49RVVVzvcSkw==",
      "license": "MIT",
      "engines": {
        "node": ">= 10"
      }
    },
    "node_modules/debug": {
      "version": "4.3.3",
      "resolved": "https://registry.npmjs.org/debug/-/debug-4.3.3.tgz",
      "integrity": "sha512-/zxw5+vh1Tfv+4Qn7a5nsbcJKPaSvCDhojn6FEl9vupwK2VCSDtEiEtqr8DFtzYFOdz63LBkxec7DYuc2jon6Q==",
      "dependencies": {
        "ms": "2.1.2"
      },
      "engines": {
        "node": ">=6.0"
      },
      "peerDependenciesMeta": {
        "supports-color": {
          "optional": true
        }
      }
    },
    "node_modules/inherits": {
      "version": "2.0.4",
      "resolved": "https://registry.npmjs.org/inherits/-/inherits-2.0.4.tgz",
      "integrity": "sha512-k/vGaX4/Yla3WzyMCvTQOXYeIHvqOKtnqBduzTHpzpQZzAskKMhZ2K+EnBiSM9zGSoIFeMpXKxa4dYeZIQqewQ==",
      "license": "ISC"
    },
    "node_modules/merge2": {
      "version": "1.4.1",
      "resolved": "https://registry.npmjs.org/merge2/-/merge2-1.4.1.tgz",
      "integrity": "sha512-8q7VEgMJW4J8tcfVPy8g09NcQwZdbwFEqhe/WZkoIzjn/3TGDwtOCYtXGxA3O8tPzpczCCDgv+P2P5y00ZJOOg==",
      "license": "MIT",
      "engines": {
        "node": ">= 8"
      }
    },
    "node_modules/minimalistic-assert": {
      "version": "1.0.1",
      "resolved": "https://registry.npmjs.org/minimalistic-assert/-/minimalistic-assert-1.0.1.tgz",
      "integrity": "sha512-UtJcAD4yEaGtjPezWuO9wC4nwUnVH/8/Im3yEHQP4b67cXlD/Qr9hdITCU1xDbSEXg2XKNaP8jsReV7vQd00/A==",
      "license": "ISC"
    },
    "node_modules/moment": {
      "version": "2.29.1",
      "resolved": "https://registry.npmjs.org/moment/-/moment-2.29.1.tgz",
      "integrity": "sha512-kHmoybcPV8Sqy59DwNDY3Jefr64lK/by/da0ViFcuA4DH0vQg5Q6Ze5VimxkfQNSC+Mls/Kx53s7TjP1RhFEDQ==",
      "engines": {
        "node": "*"
      }
    },
    "node_modules/ms": {
      "version": "2.1.2",
      "resolved": "https://registry.npmjs.org/ms/-/ms-2.1.2.tgz",
      "integrity": "sha512-sGkPx+VjMtmA6MX27oA4FBFELFCZZ4S4XqeGOXCv68tT+jb3vk/RyaKWP0PTKyWtmLSM0b+adUTEvbs1PEaH2w=="
    },
    "node_modules/openpgp": {
      "version": "5.0.0-1",
      "resolved": "https://registry.npmjs.org/openpgp/-/openpgp-5.0.0-1.tgz",
      "integrity": "sha512-yfmRStdmOQPZbNbvwyQrqjLOTGW4QO0/aok/Vt08Zhf4UB9w0tGA5c6zBxDefxq+SmXlqEsmdNu+AtYx5G8D6A==",
      "deprecated": "This version is deprecated and will no longer receive security patches. Please refer to https://github.com/openpgpjs/openpgpjs/wiki/Updating-from-previous-versions for details on how to upgrade to a newer supported version.",
      "dependencies": {
        "asn1.js": "^5.0.0"
      },
      "engines": {
        "node": ">= 8.0.0"
      }
    },
    "node_modules/pluralize": {
      "version": "8.0.0",
      "resolved": "https://registry.npmjs.org/pluralize/-/pluralize-8.0.0.tgz",
      "integrity": "sha512-Nc3IT5yHzflTfbjgqWcCPpo7DaKy4FnpB0l/zCAW0Tc7jxAiuqSxHasntB3D7887LSrA93kDJ9IXovxJYxyLCA==",
      "license": "MIT",
      "engines": {
        "node": ">=4"
      }
    },
    "node_modules/safer-buffer": {
      "version": "2.1.2",
      "resolved": "https://registry.npmjs.org/safer-buffer/-/safer-buffer-2.1.2.tgz",
      "integrity": "sha512-YZo3K82SD7Riyi0E1EQPojLz7kpepnSQI9IyPbHHg1XXXevb5dJI7tpyN2ADxGcQbHG7vcyRHk0cbwqcQriUtg==",
      "license": "MIT"
    }
  }
}