{
  "name": "@defra-fish/business-rules-lib",
  "version": "1.47.0-rc.10",
  "lockfileVersion": 3,
  "requires": true,
  "packages": {
    "": {
      "name": "@defra-fish/business-rules-lib",
      "version": "1.47.0-rc.10",
      "license": "SEE LICENSE IN LICENSE",
      "dependencies": {
        "joi": "^17.6.0",
        "moment": "^2.29.1",
        "uuid": "^8.3.2"
      },
      "engines": {
        "node": ">=18.17"
      }
    },
    "node_modules/@hapi/hoek": {
      "version": "9.2.1",
      "resolved": "https://registry.npmjs.org/@hapi/hoek/-/hoek-9.2.1.tgz",
      "integrity": "sha512-gfta+H8aziZsm8pZa0vj04KO6biEiisppNgA1kbJvFrrWu9Vm7eaUEy76DIxsuTaWvti5fkJVhllWc6ZTE+Mdw=="
    },
    "node_modules/@hapi/topo": {
      "version": "5.1.0",
      "resolved": "https://registry.npmjs.org/@hapi/topo/-/topo-5.1.0.tgz",
      "integrity": "sha512-foQZKJig7Ob0BMAYBfcJk8d77QtOe7Wo4ox7ff1lQYoNNAb6jwcY1ncdoy2e9wQZzvNy7ODZCYJkK8kzmcAnAg==",
      "dependencies": {
        "@hapi/hoek": "^9.0.0"
      }
    },
    "node_modules/@sideway/address": {
      "version": "4.1.3",
      "resolved": "https://registry.npmjs.org/@sideway/address/-/address-4.1.3.tgz",
      "integrity": "sha512-8ncEUtmnTsMmL7z1YPB47kPUq7LpKWJNFPsRzHiIajGC5uXlWGn+AmkYPcHNl8S4tcEGx+cnORnNYaw2wvL+LQ==",
      "dependencies": {
        "@hapi/hoek": "^9.0.0"
      }
    },
    "node_modules/@sideway/formula": {
      "version": "3.0.0",
      "resolved": "https://registry.npmjs.org/@sideway/formula/-/formula-3.0.0.tgz",
      "integrity": "sha512-vHe7wZ4NOXVfkoRb8T5otiENVlT7a3IAiw7H5M2+GO+9CDgcVUUsX1zalAztCmwyOr2RUTGJdgB+ZvSVqmdHmg=="
    },
    "node_modules/@sideway/pinpoint": {
      "version": "2.0.0",
      "resolved": "https://registry.npmjs.org/@sideway/pinpoint/-/pinpoint-2.0.0.tgz",
      "integrity": "sha512-RNiOoTPkptFtSVzQevY/yWtZwf/RxyVnPy/OcA9HBM3MlGDnBEYL5B41H0MTn0Uec8Hi+2qUtTfG2WWZBmMejQ=="
    },
    "node_modules/joi": {
      "version": "17.6.0",
      "resolved": "https://registry.npmjs.org/joi/-/joi-17.6.0.tgz",
      "integrity": "sha512-OX5dG6DTbcr/kbMFj0KGYxuew69HPcAE3K/sZpEV2nP6e/j/C0HV+HNiBPCASxdx5T7DMoa0s8UeHWMnb6n2zw==",
      "dependencies": {
        "@hapi/hoek": "^9.0.0",
        "@hapi/topo": "^5.0.0",
        "@sideway/address": "^4.1.3",
        "@sideway/formula": "^3.0.0",
        "@sideway/pinpoint": "^2.0.0"
      }
    },
    "node_modules/moment": {
      "version": "2.29.1",
      "resolved": "https://registry.npmjs.org/moment/-/moment-2.29.1.tgz",
      "integrity": "sha512-kHmoybcPV8Sqy59DwNDY3Jefr64lK/by/da0ViFcuA4DH0vQg5Q6Ze5VimxkfQNSC+Mls/Kx53s7TjP1RhFEDQ==",
      "engines": {
        "node": "*"
      }
    },
    "node_modules/uuid": {
      "version": "8.3.2",
      "resolved": "https://registry.npmjs.org/uuid/-/uuid-8.3.2.tgz",
      "integrity": "sha512-+NYs2QeMWy+GWFOEm9xnn6HCDp0l7QBD7ml8zLUmJ+93Q5NF0NocErnwkTkXVFNiX3/fpC6afS8Dhb/gz7R7eg==",
      "bin": {
        "uuid": "dist/bin/uuid"
      }
    }
  }
}