{
  "name": "@defra-fish/recurring-payments-job",
  "version": "1.37.0-rc.2",
  "lockfileVersion": 3,
  "requires": true,
  "packages": {
    "": {
      "name": "@defra-fish/recurring-payments-job",
      "version": "1.37.0-rc.2",
      "license": "SEE LICENSE IN LICENSE",
      "dependencies": {
        "@defra-fish/connectors-lib": "1.37.0-rc.2",
        "commander": "^7.2.0"
      },
      "engines": {
        "node": ">=18.17"
      }
    },
    "../connectors-lib": {
      "name": "@defra-fish/connectors-lib",
      "version": "1.37.0-rc.2",
      "license": "SEE LICENSE IN LICENSE",
      "dependencies": {
        "@airbrake/node": "^2.1.7",
        "aws-sdk": "^2.1074.0",
        "debug": "^4.3.3",
        "ioredis": "^4.28.5",
        "node-fetch": "^2.6.7",
        "redlock": "^4.2.0"
      },
      "engines": {
        "node": ">=18.17"
      }
    },
    "../connectors-lib/node_modules/@airbrake/browser": {
      "version": "2.1.7",
      "license": "MIT",
      "dependencies": {
        "@types/promise-polyfill": "^6.0.3",
        "@types/request": "2.48.7",
        "cross-fetch": "^3.0.4",
        "error-stack-parser": "^2.0.4",
        "promise-polyfill": "^8.1.3",
        "tdigest": "^0.1.1"
      }
    },
    "../connectors-lib/node_modules/@airbrake/node": {
      "version": "2.1.7",
      "license": "MIT",
      "dependencies": {
        "@airbrake/browser": "^2.1.7",
        "cross-fetch": "^3.0.4",
        "error-stack-parser": "^2.0.4",
        "tdigest": "^0.1.1"
      },
      "engines": {
        "node": ">=10"
      }
    },
    "../connectors-lib/node_modules/@types/caseless": {
      "version": "0.12.2",
      "license": "MIT"
    },
    "../connectors-lib/node_modules/@types/node": {
      "version": "17.0.19",
      "license": "MIT"
    },
    "../connectors-lib/node_modules/@types/promise-polyfill": {
      "version": "6.0.4",
      "license": "MIT"
    },
    "../connectors-lib/node_modules/@types/request": {
      "version": "2.48.7",
      "license": "MIT",
      "dependencies": {
        "@types/caseless": "*",
        "@types/node": "*",
        "@types/tough-cookie": "*",
        "form-data": "^2.5.0"
      }
    },
    "../connectors-lib/node_modules/@types/tough-cookie": {
      "version": "4.0.1",
      "license": "MIT"
    },
    "../connectors-lib/node_modules/asynckit": {
      "version": "0.4.0",
      "license": "MIT"
    },
    "../connectors-lib/node_modules/aws-sdk": {
      "version": "2.1074.0",
      "license": "Apache-2.0",
      "dependencies": {
        "buffer": "4.9.2",
        "events": "1.1.1",
        "ieee754": "1.1.13",
        "jmespath": "0.16.0",
        "querystring": "0.2.0",
        "sax": "1.2.1",
        "url": "0.10.3",
        "uuid": "3.3.2",
        "xml2js": "0.4.19"
      },
      "engines": {
        "node": ">= 10.0.0"
      }
    },
    "../connectors-lib/node_modules/base64-js": {
      "version": "1.5.1",
      "funding": [
        {
          "type": "github",
          "url": "https://github.com/sponsors/feross"
        },
        {
          "type": "patreon",
          "url": "https://www.patreon.com/feross"
        },
        {
          "type": "consulting",
          "url": "https://feross.org/support"
        }
      ],
      "license": "MIT"
    },
    "../connectors-lib/node_modules/bintrees": {
      "version": "1.0.1"
    },
    "../connectors-lib/node_modules/bluebird": {
      "version": "3.7.2",
      "license": "MIT"
    },
    "../connectors-lib/node_modules/buffer": {
      "version": "4.9.2",
      "license": "MIT",
      "dependencies": {
        "base64-js": "^1.0.2",
        "ieee754": "^1.1.4",
        "isarray": "^1.0.0"
      }
    },
    "../connectors-lib/node_modules/cluster-key-slot": {
      "version": "1.1.0",
      "license": "APACHE-2.0",
      "engines": {
        "node": ">=0.10.0"
      }
    },
    "../connectors-lib/node_modules/combined-stream": {
      "version": "1.0.8",
      "license": "MIT",
      "dependencies": {
        "delayed-stream": "~1.0.0"
      },
      "engines": {
        "node": ">= 0.8"
      }
    },
    "../connectors-lib/node_modules/cross-fetch": {
      "version": "3.1.5",
      "license": "MIT",
      "dependencies": {
        "node-fetch": "2.6.7"
      }
    },
    "../connectors-lib/node_modules/debug": {
      "version": "4.3.3",
      "license": "MIT",
      "dependencies": {
        "ms": "2.1.2"
      },
      "engines": {
        "node": ">=6.0"
      },
      "peerDependenciesMeta": {
        "supports-color": {
          "optional": true
        }
      }
    },
    "../connectors-lib/node_modules/delayed-stream": {
      "version": "1.0.0",
      "license": "MIT",
      "engines": {
        "node": ">=0.4.0"
      }
    },
    "../connectors-lib/node_modules/denque": {
      "version": "1.5.1",
      "license": "Apache-2.0",
      "engines": {
        "node": ">=0.10"
      }
    },
    "../connectors-lib/node_modules/error-stack-parser": {
      "version": "2.0.7",
      "license": "MIT",
      "dependencies": {
        "stackframe": "^1.1.1"
      }
    },
    "../connectors-lib/node_modules/events": {
      "version": "1.1.1",
      "license": "MIT",
      "engines": {
        "node": ">=0.4.x"
      }
    },
    "../connectors-lib/node_modules/form-data": {
      "version": "2.5.1",
      "license": "MIT",
      "dependencies": {
        "asynckit": "^0.4.0",
        "combined-stream": "^1.0.6",
        "mime-types": "^2.1.12"
      },
      "engines": {
        "node": ">= 0.12"
      }
    },
    "../connectors-lib/node_modules/ieee754": {
      "version": "1.1.13",
      "license": "BSD-3-Clause"
    },
    "../connectors-lib/node_modules/ioredis": {
      "version": "4.28.5",
      "license": "MIT",
      "dependencies": {
        "cluster-key-slot": "^1.1.0",
        "debug": "^4.3.1",
        "denque": "^1.1.0",
        "lodash.defaults": "^4.2.0",
        "lodash.flatten": "^4.4.0",
        "lodash.isarguments": "^3.1.0",
        "p-map": "^2.1.0",
        "redis-commands": "1.7.0",
        "redis-errors": "^1.2.0",
        "redis-parser": "^3.0.0",
        "standard-as-callback": "^2.1.0"
      },
      "engines": {
        "node": ">=6"
      },
      "funding": {
        "type": "opencollective",
        "url": "https://opencollective.com/ioredis"
      }
    },
    "../connectors-lib/node_modules/isarray": {
      "version": "1.0.0",
      "license": "MIT"
    },
    "../connectors-lib/node_modules/jmespath": {
      "version": "0.16.0",
      "license": "Apache-2.0",
      "engines": {
        "node": ">= 0.6.0"
      }
    },
    "../connectors-lib/node_modules/lodash.defaults": {
      "version": "4.2.0",
      "license": "MIT"
    },
    "../connectors-lib/node_modules/lodash.flatten": {
      "version": "4.4.0",
      "license": "MIT"
    },
    "../connectors-lib/node_modules/lodash.isarguments": {
      "version": "3.1.0",
      "license": "MIT"
    },
    "../connectors-lib/node_modules/mime-db": {
      "version": "1.51.0",
      "license": "MIT",
      "engines": {
        "node": ">= 0.6"
      }
    },
    "../connectors-lib/node_modules/mime-types": {
      "version": "2.1.34",
      "license": "MIT",
      "dependencies": {
        "mime-db": "1.51.0"
      },
      "engines": {
        "node": ">= 0.6"
      }
    },
    "../connectors-lib/node_modules/ms": {
      "version": "2.1.2",
      "license": "MIT"
    },
    "../connectors-lib/node_modules/node-fetch": {
      "version": "2.6.7",
      "license": "MIT",
      "dependencies": {
        "whatwg-url": "^5.0.0"
      },
      "engines": {
        "node": "4.x || >=6.0.0"
      },
      "peerDependencies": {
        "encoding": "^0.1.0"
      },
      "peerDependenciesMeta": {
        "encoding": {
          "optional": true
        }
      }
    },
    "../connectors-lib/node_modules/p-map": {
      "version": "2.1.0",
      "license": "MIT",
      "engines": {
        "node": ">=6"
      }
    },
    "../connectors-lib/node_modules/promise-polyfill": {
      "version": "8.2.1",
      "license": "MIT"
    },
    "../connectors-lib/node_modules/punycode": {
      "version": "1.3.2",
      "license": "MIT"
    },
    "../connectors-lib/node_modules/querystring": {
      "version": "0.2.0",
      "engines": {
        "node": ">=0.4.x"
      }
    },
    "../connectors-lib/node_modules/redis-commands": {
      "version": "1.7.0",
      "license": "MIT"
    },
    "../connectors-lib/node_modules/redis-errors": {
      "version": "1.2.0",
      "license": "MIT",
      "engines": {
        "node": ">=4"
      }
    },
    "../connectors-lib/node_modules/redis-parser": {
      "version": "3.0.0",
      "license": "MIT",
      "dependencies": {
        "redis-errors": "^1.0.0"
      },
      "engines": {
        "node": ">=4"
      }
    },
    "../connectors-lib/node_modules/redlock": {
      "version": "4.2.0",
      "license": "MIT",
      "dependencies": {
        "bluebird": "^3.7.2"
      },
      "engines": {
        "node": ">=8.0.0"
      }
    },
    "../connectors-lib/node_modules/sax": {
      "version": "1.2.1",
      "license": "ISC"
    },
    "../connectors-lib/node_modules/stackframe": {
      "version": "1.2.1",
      "license": "MIT"
    },
    "../connectors-lib/node_modules/standard-as-callback": {
      "version": "2.1.0",
      "license": "MIT"
    },
    "../connectors-lib/node_modules/tdigest": {
      "version": "0.1.1",
      "license": "MIT",
      "dependencies": {
        "bintrees": "1.0.1"
      }
    },
    "../connectors-lib/node_modules/tr46": {
      "version": "0.0.3",
      "license": "MIT"
    },
    "../connectors-lib/node_modules/url": {
      "version": "0.10.3",
      "license": "MIT",
      "dependencies": {
        "punycode": "1.3.2",
        "querystring": "0.2.0"
      }
    },
    "../connectors-lib/node_modules/uuid": {
      "version": "3.3.2",
      "license": "MIT",
      "bin": {
        "uuid": "bin/uuid"
      }
    },
    "../connectors-lib/node_modules/webidl-conversions": {
      "version": "3.0.1",
      "license": "BSD-2-Clause"
    },
    "../connectors-lib/node_modules/whatwg-url": {
      "version": "5.0.0",
      "license": "MIT",
      "dependencies": {
        "tr46": "~0.0.3",
        "webidl-conversions": "^3.0.0"
      }
    },
    "../connectors-lib/node_modules/xml2js": {
      "version": "0.4.19",
      "license": "MIT",
      "dependencies": {
        "sax": ">=0.6.0",
        "xmlbuilder": "~9.0.1"
      }
    },
    "../connectors-lib/node_modules/xmlbuilder": {
      "version": "9.0.7",
      "license": "MIT",
      "engines": {
        "node": ">=4.0"
      }
    },
    "node_modules/@defra-fish/connectors-lib": {
      "resolved": "../connectors-lib",
      "link": true
    },
    "node_modules/commander": {
      "version": "7.2.0",
      "license": "MIT",
      "engines": {
        "node": ">= 10"
      }
    }
  }
}
