{
	"name": "@defra-fish/recurring-payments-job",
	"version": "1.35.0-rc.10",
	"lockfileVersion": 3,
	"requires": true,
	"packages": {
		"": {
			"name": "@defra-fish/recurring-payments-job",
			"version": "1.35.0-rc.10",
			"license": "SEE LICENSE IN LICENSE",
			"dependencies": {
				"commander": "^7.2.0"
			},
			"engines": {
				"node": ">=14"
			}
		},
		"node_modules/commander": {
			"version": "7.2.0",
			"resolved": "https://registry.npmjs.org/commander/-/commander-7.2.0.tgz",
			"integrity": "sha512-QrWXB+ZQSVPmIWIhtEO9H+gwHaMGYiF5ChvoJ+K9ZGHG/sVsa6yiesAD1GC/x46sET00Xlwo1u49RVVVzvcSkw==",
			"engines": {
				"node": ">= 10"
			}
		}
	}
}
