{
  "name": "@defra-fish/pocl-job",
  "version": "1.58.0-rc.11",
  "lockfileVersion": 3,
  "requires": true,
  "packages": {
    "": {
      "name": "@defra-fish/pocl-job",
      "version": "1.58.0-rc.11",
      "license": "SEE LICENSE IN LICENSE",
      "dependencies": {
        "@defra-fish/business-rules-lib": "1.58.0-rc.11",
        "@defra-fish/connectors-lib": "1.58.0-rc.11",
        "commander": "^7.2.0",
        "debug": "^4.3.3",
        "filesize": "^6.4.0",
        "md5-file": "^5.0.0",
        "moment": "^2.29.1",
        "moment-timezone": "^0.5.34",
        "sax-stream": "^1.3.0"
      },
      "engines": {
        "node": ">=18.17"
      }
    },
    "node_modules/commander": {
      "version": "7.2.0",
      "resolved": "https://registry.npmjs.org/commander/-/commander-7.2.0.tgz",
      "integrity": "sha512-QrWXB+ZQSVPmIWIhtEO9H+gwHaMGYiF5ChvoJ+K9ZGHG/sVsa6yiesAD1GC/x46sET00Xlwo1u49RVVVzvcSkw==",
      "engines": {
        "node": ">= 10"
      }
    },
    "node_modules/debug": {
      "version": "4.3.3",
      "resolved": "https://registry.npmjs.org/debug/-/debug-4.3.3.tgz",
      "integrity": "sha512-/zxw5+vh1Tfv+4Qn7a5nsbcJKPaSvCDhojn6FEl9vupwK2VCSDtEiEtqr8DFtzYFOdz63LBkxec7DYuc2jon6Q==",
      "dependencies": {
        "ms": "2.1.2"
      },
      "engines": {
        "node": ">=6.0"
      },
      "peerDependenciesMeta": {
        "supports-color": {
          "optional": true
        }
      }
    },
    "node_modules/filesize": {
      "version": "6.4.0",
      "resolved": "https://registry.npmjs.org/filesize/-/filesize-6.4.0.tgz",
      "integrity": "sha512-mjFIpOHC4jbfcTfoh4rkWpI31mF7viw9ikj/JyLoKzqlwG/YsefKfvYlYhdYdg/9mtK2z1AzgN/0LvVQ3zdlSQ==",
      "engines": {
        "node": ">= 0.4.0"
      }
    },
    "node_modules/md5-file": {
      "version": "5.0.0",
      "resolved": "https://registry.npmjs.org/md5-file/-/md5-file-5.0.0.tgz",
      "integrity": "sha512-xbEFXCYVWrSx/gEKS1VPlg84h/4L20znVIulKw6kMfmBUAZNAnF00eczz9ICMl+/hjQGo5KSXRxbL/47X3rmMw==",
      "bin": {
        "md5-file": "cli.js"
      },
      "engines": {
        "node": ">=10.13.0"
      }
    },
    "node_modules/moment": {
      "version": "2.29.1",
      "resolved": "https://registry.npmjs.org/moment/-/moment-2.29.1.tgz",
      "integrity": "sha512-kHmoybcPV8Sqy59DwNDY3Jefr64lK/by/da0ViFcuA4DH0vQg5Q6Ze5VimxkfQNSC+Mls/Kx53s7TjP1RhFEDQ==",
      "engines": {
        "node": "*"
      }
    },
    "node_modules/moment-timezone": {
      "version": "0.5.34",
      "resolved": "https://registry.npmjs.org/moment-timezone/-/moment-timezone-0.5.34.tgz",
      "integrity": "sha512-3zAEHh2hKUs3EXLESx/wsgw6IQdusOT8Bxm3D9UrHPQR7zlMmzwybC8zHEM1tQ4LJwP7fcxrWr8tuBg05fFCbg==",
      "dependencies": {
        "moment": ">= 2.9.0"
      },
      "engines": {
        "node": "*"
      }
    },
    "node_modules/ms": {
      "version": "2.1.2",
      "resolved": "https://registry.npmjs.org/ms/-/ms-2.1.2.tgz",
      "integrity": "sha512-sGkPx+VjMtmA6MX27oA4FBFELFCZZ4S4XqeGOXCv68tT+jb3vk/RyaKWP0PTKyWtmLSM0b+adUTEvbs1PEaH2w=="
    },
    "node_modules/sax": {
      "version": "1.2.4",
      "resolved": "https://registry.npmjs.org/sax/-/sax-1.2.4.tgz",
      "integrity": "sha512-NqVDv9TpANUjFm0N8uM5GxL36UgKi9/atZw+x7YFnQ8ckwFGKrl4xX4yWtrey3UJm5nP1kUbnYgLopqWNSRhWw=="
    },
    "node_modules/sax-stream": {
      "version": "1.3.0",
      "resolved": "https://registry.npmjs.org/sax-stream/-/sax-stream-1.3.0.tgz",
      "integrity": "sha512-tcfsAAICAkyNNe4uiKtKmLKxx3C7qPAej13UUoN+7OLYq/P5kHGahZtJhhMVM3fIMndA6TlYHWFlFEzFkv1VGg==",
      "dependencies": {
        "debug": "~2",
        "sax": "~1"
      }
    },
    "node_modules/sax-stream/node_modules/debug": {
      "version": "2.6.9",
      "resolved": "https://registry.npmjs.org/debug/-/debug-2.6.9.tgz",
      "integrity": "sha512-bC7ElrdJaJnPbAP+1EotYvqZsb3ecl5wi6Bfi6BJTUcNowp6cvspg0jXznRTKDjm/E7AdgFBVeAPVMNcKGsHMA==",
      "dependencies": {
        "ms": "2.0.0"
      }
    },
    "node_modules/sax-stream/node_modules/ms": {
      "version": "2.0.0",
      "resolved": "https://registry.npmjs.org/ms/-/ms-2.0.0.tgz",
      "integrity": "sha1-VgiurfwAvmwpAd9fmGF4jeDVl8g="
    }
  }
}